
Microsoft Visual Studio Solution File, Format Version 12.00
# Visual Studio Version 17
VisualStudioVersion = 17.14.36717.8
MinimumVisualStudioVersion = 10.0.40219.1
Project("{FAE04EC0-301F-11D3-BF4B-00C04F79EFBC}") = "ReviewAPI", "ReviewAPI\ReviewAPI.csproj", "{DDB360E4-9CEB-41DB-A72D-24D97977A52D}"
EndProject
Project("{E24C65DC-7377-472B-9ABA-BC803B73C61A}") = "ReviewApp", "ReviewApp\", "{9E775BB9-3EEE-0574-9ECC-3A966C608F75}"
	ProjectSection(WebsiteProperties) = preProject
		TargetFrameworkMoniker = ".NETFramework,Version%3Dv4.8"
		Debug.AspNetCompiler.VirtualPath = "/localhost_61889"
		Debug.AspNetCompiler.PhysicalPath = "ReviewApp\"
		Debug.AspNetCompiler.TargetPath = "PrecompiledWeb\localhost_61889\"
		Debug.AspNetCompiler.Updateable = "true"
		Debug.AspNetCompiler.ForceOverwrite = "true"
		Debug.AspNetCompiler.FixedNames = "false"
		Debug.AspNetCompiler.Debug = "True"
		Release.AspNetCompiler.VirtualPath = "/localhost_61889"
		Release.AspNetCompiler.PhysicalPath = "ReviewApp\"
		Release.AspNetCompiler.TargetPath = "PrecompiledWeb\localhost_61889\"
		Release.AspNetCompiler.Updateable = "true"
		Release.AspNetCompiler.ForceOverwrite = "true"
		Release.AspNetCompiler.FixedNames = "false"
		Release.AspNetCompiler.Debug = "False"
		VWDPort = "61889"
		SlnRelativePath = "ReviewApp\"
	EndProjectSection
EndProject
Project("{2150E333-8FDC-42A3-9474-1A3956D46DE8}") = "Client", "Client", "{02EA681E-C7D8-13C7-8484-4AC65E1B71E8}"
EndProject
Global
	GlobalSection(SolutionConfigurationPlatforms) = preSolution
		Debug|Any CPU = Debug|Any CPU
		Release|Any CPU = Release|Any CPU
	EndGlobalSection
	GlobalSection(ProjectConfigurationPlatforms) = postSolution
		{DDB360E4-9CEB-41DB-A72D-24D97977A52D}.Debug|Any CPU.ActiveCfg = Debug|Any CPU
		{DDB360E4-9CEB-41DB-A72D-24D97977A52D}.Debug|Any CPU.Build.0 = Debug|Any CPU
		{DDB360E4-9CEB-41DB-A72D-24D97977A52D}.Release|Any CPU.ActiveCfg = Release|Any CPU
		{DDB360E4-9CEB-41DB-A72D-24D97977A52D}.Release|Any CPU.Build.0 = Release|Any CPU
		{9E775BB9-3EEE-0574-9ECC-3A966C608F75}.Debug|Any CPU.ActiveCfg = Debug|Any CPU
		{9E775BB9-3EEE-0574-9ECC-3A966C608F75}.Debug|Any CPU.Build.0 = Debug|Any CPU
		{9E775BB9-3EEE-0574-9ECC-3A966C608F75}.Release|Any CPU.ActiveCfg = Debug|Any CPU
		{9E775BB9-3EEE-0574-9ECC-3A966C608F75}.Release|Any CPU.Build.0 = Debug|Any CPU
	EndGlobalSection
	GlobalSection(SolutionProperties) = preSolution
		HideSolutionNode = FALSE
	EndGlobalSection
	GlobalSection(NestedProjects) = preSolution
		{9E775BB9-3EEE-0574-9ECC-3A966C608F75} = {02EA681E-C7D8-13C7-8484-4AC65E1B71E8}
	EndGlobalSection
	GlobalSection(ExtensibilityGlobals) = postSolution
		SolutionGuid = {97625056-12B6-4CDA-AD21-695955A3E196}
	EndGlobalSection
EndGlobal
